
Microsoft Visual Studio Solution File, Format Version 12.00
# Visual Studio Version 16
VisualStudioVersion = 16.0.31729.503
MinimumVisualStudioVersion = 10.0.40219.1
Project("{FAE04EC0-301F-11D3-BF4B-00C04F79EFBC}") = "ej 2", "ej 2\ej 2.csproj", "{31430AF9-2017-4ACB-A3E6-AA31B55C7D07}"
EndProject
Global
	GlobalSection(SolutionConfigurationPlatforms) = preSolution
		Debug|Any CPU = Debug|Any CPU
		Release|Any CPU = Release|Any CPU
	EndGlobalSection
	GlobalSection(ProjectConfigurationPlatforms) = postSolution
		{31430AF9-2017-4ACB-A3E6-AA31B55C7D07}.Debug|Any CPU.ActiveCfg = Debug|Any CPU
		{31430AF9-2017-4ACB-A3E6-AA31B55C7D07}.Debug|Any CPU.Build.0 = Debug|Any CPU
		{31430AF9-2017-4ACB-A3E6-AA31B55C7D07}.Release|Any CPU.ActiveCfg = Release|Any CPU
		{31430AF9-2017-4ACB-A3E6-AA31B55C7D07}.Release|Any CPU.Build.0 = Release|Any CPU
	EndGlobalSection
	GlobalSection(SolutionProperties) = preSolution
		HideSolutionNode = FALSE
	EndGlobalSection
	GlobalSection(ExtensibilityGlobals) = postSolution
		SolutionGuid = {DB5F664D-5DF2-4BBA-A6DE-C647E82C0D53}
	EndGlobalSection
EndGlobal
